
Microsoft Visual Studio Solution File, Format Version 12.00
# Visual Studio Version 17
VisualStudioVersion = 17.3.32929.385
MinimumVisualStudioVersion = 10.0.40219.1
Project("{2150E333-8FDC-42A3-9474-1A3956D46DE8}") = "src", "src", "{86416A8B-DFF8-4880-81A7-0903BBD69774}"
EndProject
Project("{2150E333-8FDC-42A3-9474-1A3956D46DE8}") = "services", "services", "{26E43C1A-2487-410E-8CC5-0F29E4F25233}"
EndProject
Project("{2150E333-8FDC-42A3-9474-1A3956D46DE8}") = "web", "web", "{97A53BB3-1DD1-4207-BEBA-78FA66D094F1}"
EndProject
Project("{9A19103F-16F7-4668-BE54-9A1E7A4F7556}") = "EventsAPI", "EventsAPI\EventsAPI.csproj", "{C21E5520-51F1-47A9-9D56-26668F88213D}"
EndProject
Project("{E53339B2-1760-4266-BCC7-CA923CBCF16C}") = "docker-compose", "docker-compose.dcproj", "{B544E0E1-9742-468D-95EF-3AF843F8926E}"
EndProject
Project("{9A19103F-16F7-4668-BE54-9A1E7A4F7556}") = "WEBMVCWEBMVC", "..\WEBMVCWEBMVC\WEBMVCWEBMVC.csproj", "{D33925E9-91A1-47F4-B2A0-16B693049402}"
EndProject
Project("{9A19103F-16F7-4668-BE54-9A1E7A4F7556}") = "WEBMVCmvc", "..\..\..\source\repos\WEBMVCmvc\WEBMVCmvc.csproj", "{F335D832-BE7D-410C-A6A5-00EFCBA42778}"
EndProject
Project("{FAE04EC0-301F-11D3-BF4B-00C04F79EFBC}") = "WebMVCApplication", "..\JewelsonContainers3\WebMVCApplication\WebMVCApplication.csproj", "{FA452EE1-9620-442A-8189-6D19DCCE8214}"
EndProject
Global
	GlobalSection(SolutionConfigurationPlatforms) = preSolution
		Debug|Any CPU = Debug|Any CPU
		Release|Any CPU = Release|Any CPU
	EndGlobalSection
	GlobalSection(ProjectConfigurationPlatforms) = postSolution
		{C21E5520-51F1-47A9-9D56-26668F88213D}.Debug|Any CPU.ActiveCfg = Debug|Any CPU
		{C21E5520-51F1-47A9-9D56-26668F88213D}.Debug|Any CPU.Build.0 = Debug|Any CPU
		{C21E5520-51F1-47A9-9D56-26668F88213D}.Release|Any CPU.ActiveCfg = Release|Any CPU
		{C21E5520-51F1-47A9-9D56-26668F88213D}.Release|Any CPU.Build.0 = Release|Any CPU
		{B544E0E1-9742-468D-95EF-3AF843F8926E}.Debug|Any CPU.ActiveCfg = Debug|Any CPU
		{B544E0E1-9742-468D-95EF-3AF843F8926E}.Debug|Any CPU.Build.0 = Debug|Any CPU
		{B544E0E1-9742-468D-95EF-3AF843F8926E}.Release|Any CPU.ActiveCfg = Release|Any CPU
		{B544E0E1-9742-468D-95EF-3AF843F8926E}.Release|Any CPU.Build.0 = Release|Any CPU
		{D33925E9-91A1-47F4-B2A0-16B693049402}.Debug|Any CPU.ActiveCfg = Debug|Any CPU
		{D33925E9-91A1-47F4-B2A0-16B693049402}.Debug|Any CPU.Build.0 = Debug|Any CPU
		{D33925E9-91A1-47F4-B2A0-16B693049402}.Release|Any CPU.ActiveCfg = Release|Any CPU
		{D33925E9-91A1-47F4-B2A0-16B693049402}.Release|Any CPU.Build.0 = Release|Any CPU
		{F335D832-BE7D-410C-A6A5-00EFCBA42778}.Debug|Any CPU.ActiveCfg = Debug|Any CPU
		{F335D832-BE7D-410C-A6A5-00EFCBA42778}.Debug|Any CPU.Build.0 = Debug|Any CPU
		{F335D832-BE7D-410C-A6A5-00EFCBA42778}.Release|Any CPU.ActiveCfg = Release|Any CPU
		{F335D832-BE7D-410C-A6A5-00EFCBA42778}.Release|Any CPU.Build.0 = Release|Any CPU
		{FA452EE1-9620-442A-8189-6D19DCCE8214}.Debug|Any CPU.ActiveCfg = Debug|Any CPU
		{FA452EE1-9620-442A-8189-6D19DCCE8214}.Debug|Any CPU.Build.0 = Debug|Any CPU
		{FA452EE1-9620-442A-8189-6D19DCCE8214}.Release|Any CPU.ActiveCfg = Release|Any CPU
		{FA452EE1-9620-442A-8189-6D19DCCE8214}.Release|Any CPU.Build.0 = Release|Any CPU
	EndGlobalSection
	GlobalSection(SolutionProperties) = preSolution
		HideSolutionNode = FALSE
	EndGlobalSection
	GlobalSection(NestedProjects) = preSolution
		{26E43C1A-2487-410E-8CC5-0F29E4F25233} = {86416A8B-DFF8-4880-81A7-0903BBD69774}
		{97A53BB3-1DD1-4207-BEBA-78FA66D094F1} = {86416A8B-DFF8-4880-81A7-0903BBD69774}
		{C21E5520-51F1-47A9-9D56-26668F88213D} = {26E43C1A-2487-410E-8CC5-0F29E4F25233}
		{D33925E9-91A1-47F4-B2A0-16B693049402} = {97A53BB3-1DD1-4207-BEBA-78FA66D094F1}
		{F335D832-BE7D-410C-A6A5-00EFCBA42778} = {97A53BB3-1DD1-4207-BEBA-78FA66D094F1}
		{FA452EE1-9620-442A-8189-6D19DCCE8214} = {97A53BB3-1DD1-4207-BEBA-78FA66D094F1}
	EndGlobalSection
	GlobalSection(ExtensibilityGlobals) = postSolution
		SolutionGuid = {0029D096-86D8-472A-9239-C800D0740659}
	EndGlobalSection
EndGlobal
